
Microsoft Visual Studio Solution File, Format Version 12.00
# Visual Studio Version 17
VisualStudioVersion = 17.2.32630.192
MinimumVisualStudioVersion = 10.0.40219.1
Project("{FAE04EC0-301F-11D3-BF4B-00C04F79EFBC}") = "Cancha", "Cancha\Cancha.csproj", "{9321A872-48BF-466E-8254-D5703398C95D}"
EndProject
Global
	GlobalSection(SolutionConfigurationPlatforms) = preSolution
		Debug|Any CPU = Debug|Any CPU
		Release|Any CPU = Release|Any CPU
	EndGlobalSection
	GlobalSection(ProjectConfigurationPlatforms) = postSolution
		{9321A872-48BF-466E-8254-D5703398C95D}.Debug|Any CPU.ActiveCfg = Debug|Any CPU
		{9321A872-48BF-466E-8254-D5703398C95D}.Debug|Any CPU.Build.0 = Debug|Any CPU
		{9321A872-48BF-466E-8254-D5703398C95D}.Release|Any CPU.ActiveCfg = Release|Any CPU
		{9321A872-48BF-466E-8254-D5703398C95D}.Release|Any CPU.Build.0 = Release|Any CPU
	EndGlobalSection
	GlobalSection(SolutionProperties) = preSolution
		HideSolutionNode = FALSE
	EndGlobalSection
	GlobalSection(ExtensibilityGlobals) = postSolution
		SolutionGuid = {9A017D62-AAB6-4F33-8C0C-A73181528521}
	EndGlobalSection
EndGlobal
